
Microsoft Visual Studio Solution File, Format Version 12.00
# Visual Studio Version 17
VisualStudioVersion = 17.14.36705.20 d17.14
MinimumVisualStudioVersion = 10.0.40219.1
Project("{FAE04EC0-301F-11D3-BF4B-00C04F79EFBC}") = "Devices.Api", "Devices.Api\Devices.Api.csproj", "{5E7D1115-9745-4F64-A435-C568CC7E05DB}"
EndProject
Global
	GlobalSection(SolutionConfigurationPlatforms) = preSolution
		Debug|Any CPU = Debug|Any CPU
		Release|Any CPU = Release|Any CPU
	EndGlobalSection
	GlobalSection(ProjectConfigurationPlatforms) = postSolution
		{5E7D1115-9745-4F64-A435-C568CC7E05DB}.Debug|Any CPU.ActiveCfg = Debug|Any CPU
		{5E7D1115-9745-4F64-A435-C568CC7E05DB}.Debug|Any CPU.Build.0 = Debug|Any CPU
		{5E7D1115-9745-4F64-A435-C568CC7E05DB}.Release|Any CPU.ActiveCfg = Release|Any CPU
		{5E7D1115-9745-4F64-A435-C568CC7E05DB}.Release|Any CPU.Build.0 = Release|Any CPU
	EndGlobalSection
	GlobalSection(SolutionProperties) = preSolution
		HideSolutionNode = FALSE
	EndGlobalSection
	GlobalSection(ExtensibilityGlobals) = postSolution
		SolutionGuid = {A68B57B0-2C73-4F71-81FC-38D09C4963B4}
	EndGlobalSection
EndGlobal
